
Microsoft Visual Studio Solution File, Format Version 12.00
# Visual Studio 15
VisualStudioVersion = 15.0.27428.2005
MinimumVisualStudioVersion = 10.0.40219.1
Project("{FAE04EC0-301F-11D3-BF4B-00C04F79EFBC}") = "multas", "multas\multas.csproj", "{7029CE61-3CF6-4DCD-9B4E-77DFABFA61CA}"
EndProject
Global
	GlobalSection(SolutionConfigurationPlatforms) = preSolution
		Debug|Any CPU = Debug|Any CPU
		Release|Any CPU = Release|Any CPU
	EndGlobalSection
	GlobalSection(ProjectConfigurationPlatforms) = postSolution
		{7029CE61-3CF6-4DCD-9B4E-77DFABFA61CA}.Debug|Any CPU.ActiveCfg = Debug|Any CPU
		{7029CE61-3CF6-4DCD-9B4E-77DFABFA61CA}.Debug|Any CPU.Build.0 = Debug|Any CPU
		{7029CE61-3CF6-4DCD-9B4E-77DFABFA61CA}.Release|Any CPU.ActiveCfg = Release|Any CPU
		{7029CE61-3CF6-4DCD-9B4E-77DFABFA61CA}.Release|Any CPU.Build.0 = Release|Any CPU
	EndGlobalSection
	GlobalSection(SolutionProperties) = preSolution
		HideSolutionNode = FALSE
	EndGlobalSection
	GlobalSection(ExtensibilityGlobals) = postSolution
		SolutionGuid = {F36B04D9-71B1-4241-9AAE-A3E58DBB4034}
	EndGlobalSection
EndGlobal
